github.com/gogolibs/iterator v0.3.0 h1:S91/Wvz79XNk2gP2ERGIBcnYJhBm9BZzc3zHX08O41Q=
github.com/gogolibs/iterator v0.3.0/go.mod h1:oByy+XwUeQ548Nts09K0vjRuU/hNv7w95GZEwQJ3MdM=
github.com/gogolibs/iterator v0.4.0 h1:waGnd/ix1ONODhHHqC1A2glWssBucV1ohiLVbKozz/w=
github.com/gogolibs/iterator v0.4.0/go.mod h1:oByy+XwUeQ548Nts09K0vjRuU/hNv7w95GZEwQJ3MdM=
